
Microsoft Visual Studio Solution File, Format Version 12.00
# Visual Studio Version 16
VisualStudioVersion = 16.0.31321.278
MinimumVisualStudioVersion = 10.0.40219.1
Project("{FAE04EC0-301F-11D3-BF4B-00C04F79EFBC}") = "VendasWeb", "VendasWeb\VendasWeb.csproj", "{BA141FE2-B1E5-4C02-A9C5-84150F66D1C9}"
EndProject
Global
	GlobalSection(SolutionConfigurationPlatforms) = preSolution
		Debug|Any CPU = Debug|Any CPU
		Release|Any CPU = Release|Any CPU
	EndGlobalSection
	GlobalSection(ProjectConfigurationPlatforms) = postSolution
		{BA141FE2-B1E5-4C02-A9C5-84150F66D1C9}.Debug|Any CPU.ActiveCfg = Debug|Any CPU
		{BA141FE2-B1E5-4C02-A9C5-84150F66D1C9}.Debug|Any CPU.Build.0 = Debug|Any CPU
		{BA141FE2-B1E5-4C02-A9C5-84150F66D1C9}.Release|Any CPU.ActiveCfg = Release|Any CPU
		{BA141FE2-B1E5-4C02-A9C5-84150F66D1C9}.Release|Any CPU.Build.0 = Release|Any CPU
	EndGlobalSection
	GlobalSection(SolutionProperties) = preSolution
		HideSolutionNode = FALSE
	EndGlobalSection
	GlobalSection(ExtensibilityGlobals) = postSolution
		SolutionGuid = {CFBD9265-E122-4DB9-8210-471AAF2E0D3B}
	EndGlobalSection
EndGlobal
